
Microsoft Visual Studio Solution File, Format Version 12.00
# Visual Studio Version 16
VisualStudioVersion = 16.0.29201.188
MinimumVisualStudioVersion = 10.0.40219.1
Project("{E24C65DC-7377-472B-9ABA-BC803B73C61A}") = "IgbCloud.Web", "IgbCloud.Web\", "{49F382BE-4F2C-462E-9D96-11175946CE51}"
	ProjectSection(WebsiteProperties) = preProject
		TargetFrameworkMoniker = ".NETFramework,Version%3Dv4.7.2"
		Debug.AspNetCompiler.VirtualPath = "/localhost_7986"
		Debug.AspNetCompiler.PhysicalPath = "IgbCloud.Web\"
		Debug.AspNetCompiler.TargetPath = "PrecompiledWeb\localhost_7986\"
		Debug.AspNetCompiler.Updateable = "true"
		Debug.AspNetCompiler.ForceOverwrite = "true"
		Debug.AspNetCompiler.FixedNames = "false"
		Debug.AspNetCompiler.Debug = "True"
		Release.AspNetCompiler.VirtualPath = "/localhost_7986"
		Release.AspNetCompiler.PhysicalPath = "IgbCloud.Web\"
		Release.AspNetCompiler.TargetPath = "PrecompiledWeb\localhost_7986\"
		Release.AspNetCompiler.Updateable = "true"
		Release.AspNetCompiler.ForceOverwrite = "true"
		Release.AspNetCompiler.FixedNames = "false"
		Release.AspNetCompiler.Debug = "False"
		VWDPort = "7986"
		SlnRelativePath = "IgbCloud.Web\"
		DefaultWebSiteLanguage = "Visual C#"
	EndProjectSection
	ProjectSection(ProjectDependencies) = postProject
		{5C92B3D6-A44F-45C7-AF3C-94C6C5BDA6EF} = {5C92B3D6-A44F-45C7-AF3C-94C6C5BDA6EF}
	EndProjectSection
EndProject
Project("{9A19103F-16F7-4668-BE54-9A1E7A4F7556}") = "IgbCloud.Core", "IgbCloud.Core\IgbCloud.Core.csproj", "{5C92B3D6-A44F-45C7-AF3C-94C6C5BDA6EF}"
EndProject
Global
	GlobalSection(SolutionConfigurationPlatforms) = preSolution
		Debug|Any CPU = Debug|Any CPU
		Release|Any CPU = Release|Any CPU
	EndGlobalSection
	GlobalSection(ProjectConfigurationPlatforms) = postSolution
		{49F382BE-4F2C-462E-9D96-11175946CE51}.Debug|Any CPU.ActiveCfg = Debug|Any CPU
		{49F382BE-4F2C-462E-9D96-11175946CE51}.Release|Any CPU.ActiveCfg = Debug|Any CPU
		{5C92B3D6-A44F-45C7-AF3C-94C6C5BDA6EF}.Debug|Any CPU.ActiveCfg = Debug|Any CPU
		{5C92B3D6-A44F-45C7-AF3C-94C6C5BDA6EF}.Debug|Any CPU.Build.0 = Debug|Any CPU
		{5C92B3D6-A44F-45C7-AF3C-94C6C5BDA6EF}.Release|Any CPU.ActiveCfg = Release|Any CPU
		{5C92B3D6-A44F-45C7-AF3C-94C6C5BDA6EF}.Release|Any CPU.Build.0 = Release|Any CPU
	EndGlobalSection
	GlobalSection(SolutionProperties) = preSolution
		HideSolutionNode = FALSE
	EndGlobalSection
	GlobalSection(ExtensibilityGlobals) = postSolution
		SolutionGuid = {C63E6E9B-06DC-48FF-9A4E-665EB6D5EFB7}
	EndGlobalSection
EndGlobal
